
Microsoft Visual Studio Solution File, Format Version 12.00
# Visual Studio Version 17
VisualStudioVersion = 17.13.35931.197 d17.13
MinimumVisualStudioVersion = 10.0.40219.1
Project("{888888A0-9F3D-457C-B088-3A5042F75D52}") = "customer-profiling", "customer-profiling.pyproj", "{7EA9CF05-1B3C-4FA6-B2F8-66F1244CA6E6}"
EndProject
Global
	GlobalSection(SolutionConfigurationPlatforms) = preSolution
		Debug|Any CPU = Debug|Any CPU
		Release|Any CPU = Release|Any CPU
	EndGlobalSection
	GlobalSection(ProjectConfigurationPlatforms) = postSolution
		{7EA9CF05-1B3C-4FA6-B2F8-66F1244CA6E6}.Debug|Any CPU.ActiveCfg = Debug|Any CPU
		{7EA9CF05-1B3C-4FA6-B2F8-66F1244CA6E6}.Release|Any CPU.ActiveCfg = Release|Any CPU
	EndGlobalSection
	GlobalSection(SolutionProperties) = preSolution
		HideSolutionNode = FALSE
	EndGlobalSection
	GlobalSection(ExtensibilityGlobals) = postSolution
		SolutionGuid = {A4E7B884-9926-414F-9AD8-3FCB9374A412}
	EndGlobalSection
EndGlobal
